
Microsoft Visual Studio Solution File, Format Version 12.00
# Visual Studio Version 16
VisualStudioVersion = 16.0.30225.117
MinimumVisualStudioVersion = 10.0.40219.1
Project("{9A19103F-16F7-4668-BE54-9A1E7A4F7556}") = "DDForums", "DDForums\DDForums.csproj", "{341CF80E-7996-44EA-80FE-05EFACFEBE74}"
EndProject
Project("{9A19103F-16F7-4668-BE54-9A1E7A4F7556}") = "DDForums.Data", "DDForums.Data\DDForums.Data.csproj", "{57407DA3-70D3-4092-9D87-681F29E8A77D}"
EndProject
Project("{9A19103F-16F7-4668-BE54-9A1E7A4F7556}") = "DDForums.Service", "DDForums.Service\DDForums.Service.csproj", "{3A24805E-646B-46FA-8DBC-76563ACDC302}"
EndProject
Global
	GlobalSection(SolutionConfigurationPlatforms) = preSolution
		Debug|Any CPU = Debug|Any CPU
		Release|Any CPU = Release|Any CPU
	EndGlobalSection
	GlobalSection(ProjectConfigurationPlatforms) = postSolution
		{341CF80E-7996-44EA-80FE-05EFACFEBE74}.Debug|Any CPU.ActiveCfg = Debug|Any CPU
		{341CF80E-7996-44EA-80FE-05EFACFEBE74}.Debug|Any CPU.Build.0 = Debug|Any CPU
		{341CF80E-7996-44EA-80FE-05EFACFEBE74}.Release|Any CPU.ActiveCfg = Release|Any CPU
		{341CF80E-7996-44EA-80FE-05EFACFEBE74}.Release|Any CPU.Build.0 = Release|Any CPU
		{57407DA3-70D3-4092-9D87-681F29E8A77D}.Debug|Any CPU.ActiveCfg = Debug|Any CPU
		{57407DA3-70D3-4092-9D87-681F29E8A77D}.Debug|Any CPU.Build.0 = Debug|Any CPU
		{57407DA3-70D3-4092-9D87-681F29E8A77D}.Release|Any CPU.ActiveCfg = Release|Any CPU
		{57407DA3-70D3-4092-9D87-681F29E8A77D}.Release|Any CPU.Build.0 = Release|Any CPU
		{3A24805E-646B-46FA-8DBC-76563ACDC302}.Debug|Any CPU.ActiveCfg = Debug|Any CPU
		{3A24805E-646B-46FA-8DBC-76563ACDC302}.Debug|Any CPU.Build.0 = Debug|Any CPU
		{3A24805E-646B-46FA-8DBC-76563ACDC302}.Release|Any CPU.ActiveCfg = Release|Any CPU
		{3A24805E-646B-46FA-8DBC-76563ACDC302}.Release|Any CPU.Build.0 = Release|Any CPU
	EndGlobalSection
	GlobalSection(SolutionProperties) = preSolution
		HideSolutionNode = FALSE
	EndGlobalSection
	GlobalSection(ExtensibilityGlobals) = postSolution
		SolutionGuid = {97E17297-FFBC-4651-85F4-ED6DD47922D1}
	EndGlobalSection
EndGlobal
